<?xml version="1.0" encoding="utf-8"?>
<Project ToolsVersion="15.0" xmlns="http://schemas.microsoft.com/developer/msbuild/2003">
  <ItemGroup>
    <Filter Include="Resources">
      <UniqueIdentifier>accd3aa8-1ba0-4223-9bbe-0c431709210b</UniqueIdentifier>
      <Extensions>rc;ico;cur;bmp;dlg;rc2;rct;bin;rgs;gif;jpg;jpeg;jpe;resx;tga;tiff;tif;png;wav;mfcribbon-ms</Extensions>
    </Filter>
    <Filter Include="Generated Files">
      <UniqueIdentifier>{926ab91d-31b4-48c3-b9a4-e681349f27f0}</UniqueIdentifier>
    </Filter>
    <Filter Include="json">
      <UniqueIdentifier>{119e36dc-61b8-45e2-a947-aeb7cf88d94a}</UniqueIdentifier>
    </Filter>
    <Filter Include="profileGeneration">
      <UniqueIdentifier>{89c33dff-c6a4-42d1-b3bc-e2cd4876ddea}</UniqueIdentifier>
    </Filter>
  </ItemGroup>
  <ItemGroup>
    <ClCompile Include="pch.cpp" />
    <ClCompile Include="$(GeneratedFilesDir)module.g.cpp" />
    <ClCompile Include="AzureCloudShellGenerator.cpp">
      <Filter>profileGeneration</Filter>
    </ClCompile>
    <ClCompile Include="PowershellCoreProfileGenerator.cpp">
      <Filter>profileGeneration</Filter>
    </ClCompile>
    <ClCompile Include="WslDistroGenerator.cpp">
      <Filter>profileGeneration</Filter>
    </ClCompile>
    <ClCompile Include="..\..\external\terminal\dep\jsoncpp\jsoncpp.cpp">
      <Filter>json</Filter>
    </ClCompile>
    <ClCompile Include="ActionAndArgs.cpp" />
    <ClCompile Include="ActionArgs.cpp" />
    <ClCompile Include="ActionMap.cpp" />
    <ClCompile Include="ActionMapSerialization.cpp" />
    <ClCompile Include="AppearanceConfig.cpp" />
    <ClCompile Include="ApplicationState.cpp" />
    <ClCompile Include="CascadiaSettings.cpp" />
    <ClCompile Include="CascadiaSettingsSerialization.cpp" />
    <ClCompile Include="ColorScheme.cpp" />
    <ClCompile Include="Command.cpp" />
    <ClCompile Include="DefaultTerminal.cpp" />
    <ClCompile Include="EnumMappings.cpp" />
    <ClCompile Include="FileUtils.cpp" />
    <ClCompile Include="FontConfig.cpp" />
    <ClCompile Include="GlobalAppSettings.cpp" />
    <ClCompile Include="IconPathConverter.cpp" />
    <ClCompile Include="init.cpp" />
    <ClCompile Include="KeyChordSerialization.cpp" />
    <ClCompile Include="Profile.cpp" />
    <ClCompile Include="TerminalSettings.cpp" />
    <ClCompile Include="DynamicProfileUtils.cpp" />
    <ClCompile Include="VisualStudioGenerator.cpp" />
    <ClCompile Include="VsDevCmdGenerator.cpp" />
    <ClCompile Include="VsDevShellGenerator.cpp" />
    <ClCompile Include="VsSetupConfiguration.cpp" />
  </ItemGroup>
  <ItemGroup>
    <ClInclude Include="pch.h" />
    <ClInclude Include="AzureCloudShellGenerator.h">
      <Filter>profileGeneration</Filter>
    </ClInclude>
    <ClInclude Include="IDynamicProfileGenerator.h">
      <Filter>profileGeneration</Filter>
    </ClInclude>
    <ClInclude Include="PowershellCoreProfileGenerator.h">
      <Filter>profileGeneration</Filter>
    </ClInclude>
    <ClInclude Include="WslDistroGenerator.h">
      <Filter>profileGeneration</Filter>
    </ClInclude>
    <ClInclude Include="JsonUtils.h">
      <Filter>json</Filter>
    </ClInclude>
    <ClInclude Include="ActionAndArgs.h" />
    <ClInclude Include="ActionArgs.h" />
    <ClInclude Include="ActionMap.h" />
    <ClInclude Include="AllShortcutActions.h" />
    <ClInclude Include="AppearanceConfig.h" />
    <ClInclude Include="ApplicationState.h" />
    <ClInclude Include="CascadiaSettings.h" />
    <ClInclude Include="ColorScheme.h" />
    <ClInclude Include="Command.h" />
    <ClInclude Include="DefaultTerminal.h" />
    <ClInclude Include="EnumMappings.h" />
    <ClInclude Include="FileUtils.h" />
    <ClInclude Include="FontConfig.h" />
    <ClInclude Include="GlobalAppSettings.h" />
    <ClInclude Include="HashUtils.h" />
    <ClInclude Include="IconPathConverter.h" />
    <ClInclude Include="IInheritable.h" />
    <ClInclude Include="IInheritable.idl.h" />
    <ClInclude Include="KeyChordSerialization.h" />
    <ClInclude Include="LegacyProfileGeneratorNamespaces.h" />
    <ClInclude Include="Profile.h" />
    <ClInclude Include="SettingsTypes.h" />
    <ClInclude Include="TerminalSettings.h" />
    <ClInclude Include="TerminalSettingsSerializationHelpers.h" />
    <ClInclude Include="TerminalWarnings.h" />
    <ClInclude Include="resource.h" />
    <ClInclude Include="DynamicProfileUtils.h" />
    <ClInclude Include="MTSMSettings.h" />
    <ClInclude Include="VisualStudioGenerator.h" />
    <ClInclude Include="VsDevCmdGenerator.h" />
    <ClInclude Include="VsDevShellGenerator.h" />
    <ClInclude Include="VsSetupConfiguration.h" />
  </ItemGroup>
  <ItemGroup>
    <None Include="Microsoft_Terminal_Settings_Model.def" />
    <None Include="defaults.json" />
    <None Include="defaults-universal.json" />
    <None Include="userDefaults.json" />
    <None Include="packages.config" />
  </ItemGroup>
  <ItemGroup>
    <Text Include="readme.txt" />
  </ItemGroup>
  <ItemGroup>
    <Midl Include="ActionArgs.idl" />
    <Midl Include="ActionMap.idl" />
    <Midl Include="AppearanceConfig.idl" />
    <Midl Include="ApplicationState.idl" />
    <Midl Include="CascadiaSettings.idl" />
    <Midl Include="ColorScheme.idl" />
    <Midl Include="Command.idl" />
    <Midl Include="DefaultTerminal.idl" />
    <Midl Include="EnumMappings.idl" />
    <Midl Include="FontConfig.idl" />
    <Midl Include="GlobalAppSettings.idl" />
    <Midl Include="IAppearanceConfig.idl" />
    <Midl Include="IconPathConverter.idl" />
    <Midl Include="KeyChordSerialization.idl" />
    <Midl Include="Profile.idl" />
    <Midl Include="TerminalSettings.idl" />
    <Midl Include="TerminalWarnings.idl" />
  </ItemGroup>
  <ItemGroup>
    <PRIResource Include="Resources\en-US\Resources.resw" />
  </ItemGroup>
  <ItemGroup>
    <ResourceCompile Include="VersionInfo.rc">
      <Filter>Resources</Filter>
    </ResourceCompile>
  </ItemGroup>
</Project>